
Microsoft Visual Studio Solution File, Format Version 12.00
# Visual Studio Version 16
VisualStudioVersion = 16.0.32901.82
MinimumVisualStudioVersion = 10.0.40219.1
Project("{FAE04EC0-301F-11D3-BF4B-00C04F79EFBC}") = "23", "23\23.csproj", "{EF729B07-0151-4C75-8C0C-3ABED2E01D88}"
EndProject
Global
	GlobalSection(SolutionConfigurationPlatforms) = preSolution
		Debug|Any CPU = Debug|Any CPU
		Release|Any CPU = Release|Any CPU
	EndGlobalSection
	GlobalSection(ProjectConfigurationPlatforms) = postSolution
		{EF729B07-0151-4C75-8C0C-3ABED2E01D88}.Debug|Any CPU.ActiveCfg = Debug|Any CPU
		{EF729B07-0151-4C75-8C0C-3ABED2E01D88}.Debug|Any CPU.Build.0 = Debug|Any CPU
		{EF729B07-0151-4C75-8C0C-3ABED2E01D88}.Release|Any CPU.ActiveCfg = Release|Any CPU
		{EF729B07-0151-4C75-8C0C-3ABED2E01D88}.Release|Any CPU.Build.0 = Release|Any CPU
	EndGlobalSection
	GlobalSection(SolutionProperties) = preSolution
		HideSolutionNode = FALSE
	EndGlobalSection
	GlobalSection(ExtensibilityGlobals) = postSolution
		SolutionGuid = {95820232-3B4C-4B87-BACB-49C06F3678AB}
	EndGlobalSection
EndGlobal
